
Microsoft Visual Studio Solution File, Format Version 12.00
# Visual Studio Version 17
VisualStudioVersion = 17.7.34018.315
MinimumVisualStudioVersion = 10.0.40219.1
Project("{FAE04EC0-301F-11D3-BF4B-00C04F79EFBC}") = "Terminux", "Terminux\Terminux.csproj", "{92719074-123A-45DC-9661-9386B2B800FF}"
EndProject
Project("{54435603-DBB4-11D2-8724-00A0C9A8B90C}") = "Terminux_Setup", "Terminux_Setup\Terminux_Setup.vdproj", "{002918CC-A353-423E-94D7-41BDC2EDD1D5}"
EndProject
Global
	GlobalSection(SolutionConfigurationPlatforms) = preSolution
		Debug|Any CPU = Debug|Any CPU
		Release|Any CPU = Release|Any CPU
	EndGlobalSection
	GlobalSection(ProjectConfigurationPlatforms) = postSolution
		{92719074-123A-45DC-9661-9386B2B800FF}.Debug|Any CPU.ActiveCfg = Debug|Any CPU
		{92719074-123A-45DC-9661-9386B2B800FF}.Debug|Any CPU.Build.0 = Debug|Any CPU
		{92719074-123A-45DC-9661-9386B2B800FF}.Release|Any CPU.ActiveCfg = Release|Any CPU
		{92719074-123A-45DC-9661-9386B2B800FF}.Release|Any CPU.Build.0 = Release|Any CPU
		{002918CC-A353-423E-94D7-41BDC2EDD1D5}.Debug|Any CPU.ActiveCfg = Debug
		{002918CC-A353-423E-94D7-41BDC2EDD1D5}.Release|Any CPU.ActiveCfg = Release
	EndGlobalSection
	GlobalSection(SolutionProperties) = preSolution
		HideSolutionNode = FALSE
	EndGlobalSection
	GlobalSection(ExtensibilityGlobals) = postSolution
		SolutionGuid = {9D6E7D5D-6A90-4C14-80EA-E752ADECDD13}
	EndGlobalSection
EndGlobal
